// !$*UTF8*$!
{
	archiveVersion = 1;
	classes = {
	};
	objectVersion = 50;
	objects = {

/* Begin PBXBuildFile section */
		49C4C3C4257BEA1200146AE7 /* AppDelegate.swift in Sources */ = {isa = PBXBuildFile; fileRef = 49C4C3C3257BEA1200146AE7 /* AppDelegate.swift */; };
		49C4C3C6257BEA1200146AE7 /* art.scnassets in Resources */ = {isa = PBXBuildFile; fileRef = 49C4C3C5257BEA1200146AE7 /* art.scnassets */; };
		49C4C3C8257BEA1200146AE7 /* ViewController.swift in Sources */ = {isa = PBXBuildFile; fileRef = 49C4C3C7257BEA1200146AE7 /* ViewController.swift */; };
		49C4C3CB257BEA1200146AE7 /* Main.storyboard in Resources */ = {isa = PBXBuildFile; fileRef = 49C4C3C9257BEA1200146AE7 /* Main.storyboard */; };
		49C4C3CD257BEA1400146AE7 /* Assets.xcassets in Resources */ = {isa = PBXBuildFile; fileRef = 49C4C3CC257BEA1400146AE7 /* Assets.xcassets */; };
		49C4C3D0257BEA1400146AE7 /* LaunchScreen.storyboard in Resources */ = {isa = PBXBuildFile; fileRef = 49C4C3CE257BEA1400146AE7 /* LaunchScreen.storyboard */; };
		49C4C3DB257BEA1500146AE7 /* ARDeck2Tests.swift in Sources */ = {isa = PBXBuildFile; fileRef = 49C4C3DA257BEA1500146AE7 /* ARDeck2Tests.swift */; };
		49C4C3E6257BEA1500146AE7 /* ARDeck2UITests.swift in Sources */ = {isa = PBXBuildFile; fileRef = 49C4C3E5257BEA1500146AE7 /* ARDeck2UITests.swift */; };
		49C4C401257BECCA00146AE7 /* ViewController.swift in Sources */ = {isa = PBXBuildFile; fileRef = 49C4C3F7257BECCA00146AE7 /* ViewController.swift */; };
		49C4C402257BECCA00146AE7 /* LICENSE.md in Resources */ = {isa = PBXBuildFile; fileRef = 49C4C3F8257BECCA00146AE7 /* LICENSE.md */; };
		49C4C403257BECCA00146AE7 /* EchoAR.swift in Sources */ = {isa = PBXBuildFile; fileRef = 49C4C3F9257BECCA00146AE7 /* EchoAR.swift */; };
		49C4C404257BECCA00146AE7 /* Entry.swift in Sources */ = {isa = PBXBuildFile; fileRef = 49C4C3FA257BECCA00146AE7 /* Entry.swift */; };
		49C4C405257BECCA00146AE7 /* RemoteTransformation.swift in Sources */ = {isa = PBXBuildFile; fileRef = 49C4C3FB257BECCA00146AE7 /* RemoteTransformation.swift */; };
		49C4C406257BECCA00146AE7 /* RemoteTransformation.swift in Sources */ = {isa = PBXBuildFile; fileRef = 49C4C3FC257BECCA00146AE7 /* RemoteTransformation.swift */; };
		49C4C407257BECCA00146AE7 /* ViewController.swift in Sources */ = {isa = PBXBuildFile; fileRef = 49C4C3FD257BECCA00146AE7 /* ViewController.swift */; };
		49C4C408257BECCA00146AE7 /* EchoAR.swift in Sources */ = {isa = PBXBuildFile; fileRef = 49C4C3FE257BECCA00146AE7 /* EchoAR.swift */; };
		49C4C409257BECCA00146AE7 /* Entry.swift in Sources */ = {isa = PBXBuildFile; fileRef = 49C4C3FF257BECCA00146AE7 /* Entry.swift */; };
		49C4C40A257BECCA00146AE7 /* LICENSE.md in Resources */ = {isa = PBXBuildFile; fileRef = 49C4C400257BECCA00146AE7 /* LICENSE.md */; };
/* End PBXBuildFile section */

/* Begin PBXContainerItemProxy section */
		49C4C3D7257BEA1500146AE7 /* PBXContainerItemProxy */ = {
			isa = PBXContainerItemProxy;
			containerPortal = 49C4C3B8257BEA1200146AE7 /* Project object */;
			proxyType = 1;
			remoteGlobalIDString = 49C4C3BF257BEA1200146AE7;
			remoteInfo = ARDeck2;
		};
		49C4C3E2257BEA1500146AE7 /* PBXContainerItemProxy */ = {
			isa = PBXContainerItemProxy;
			containerPortal = 49C4C3B8257BEA1200146AE7 /* Project object */;
			proxyType = 1;
			remoteGlobalIDString = 49C4C3BF257BEA1200146AE7;
			remoteInfo = ARDeck2;
		};
/* End PBXContainerItemProxy section */

/* Begin PBXFileReference section */
		49C4C3C0257BEA1200146AE7 /* ARDeck2.app */ = {isa = PBXFileReference; explicitFileType = wrapper.application; includeInIndex = 0; path = ARDeck2.app; sourceTree = BUILT_PRODUCTS_DIR; };
		49C4C3C3257BEA1200146AE7 /* AppDelegate.swift */ = {isa = PBXFileReference; lastKnownFileType = sourcecode.swift; path = AppDelegate.swift; sourceTree = "<group>"; };
		49C4C3C5257BEA1200146AE7 /* art.scnassets */ = {isa = PBXFileReference; lastKnownFileType = wrapper.scnassets; path = art.scnassets; sourceTree = "<group>"; };
		49C4C3C7257BEA1200146AE7 /* ViewController.swift */ = {isa = PBXFileReference; lastKnownFileType = sourcecode.swift; path = ViewController.swift; sourceTree = "<group>"; };
		49C4C3CA257BEA1200146AE7 /* Base */ = {isa = PBXFileReference; lastKnownFileType = file.storyboard; name = Base; path = Base.lproj/Main.storyboard; sourceTree = "<group>"; };
		49C4C3CC257BEA1400146AE7 /* Assets.xcassets */ = {isa = PBXFileReference; lastKnownFileType = folder.assetcatalog; path = Assets.xcassets; sourceTree = "<group>"; };
		49C4C3CF257BEA1400146AE7 /* Base */ = {isa = PBXFileReference; lastKnownFileType = file.storyboard; name = Base; path = Base.lproj/LaunchScreen.storyboard; sourceTree = "<group>"; };
		49C4C3D1257BEA1400146AE7 /* Info.plist */ = {isa = PBXFileReference; lastKnownFileType = text.plist.xml; path = Info.plist; sourceTree = "<group>"; };
		49C4C3D6257BEA1500146AE7 /* ARDeck2Tests.xctest */ = {isa = PBXFileReference; explicitFileType = wrapper.cfbundle; includeInIndex = 0; path = ARDeck2Tests.xctest; sourceTree = BUILT_PRODUCTS_DIR; };
		49C4C3DA257BEA1500146AE7 /* ARDeck2Tests.swift */ = {isa = PBXFileReference; lastKnownFileType = sourcecode.swift; path = ARDeck2Tests.swift; sourceTree = "<group>"; };
		49C4C3DC257BEA1500146AE7 /* Info.plist */ = {isa = PBXFileReference; lastKnownFileType = text.plist.xml; path = Info.plist; sourceTree = "<group>"; };
		49C4C3E1257BEA1500146AE7 /* ARDeck2UITests.xctest */ = {isa = PBXFileReference; explicitFileType = wrapper.cfbundle; includeInIndex = 0; path = ARDeck2UITests.xctest; sourceTree = BUILT_PRODUCTS_DIR; };
		49C4C3E5257BEA1500146AE7 /* ARDeck2UITests.swift */ = {isa = PBXFileReference; lastKnownFileType = sourcecode.swift; path = ARDeck2UITests.swift; sourceTree = "<group>"; };
		49C4C3E7257BEA1500146AE7 /* Info.plist */ = {isa = PBXFileReference; lastKnownFileType = text.plist.xml; path = Info.plist; sourceTree = "<group>"; };
		49C4C3F7257BECCA00146AE7 /* ViewController.swift */ = {isa = PBXFileReference; fileEncoding = 4; lastKnownFileType = sourcecode.swift; path = ViewController.swift; sourceTree = "<group>"; };
		49C4C3F8257BECCA00146AE7 /* LICENSE.md */ = {isa = PBXFileReference; fileEncoding = 4; lastKnownFileType = net.daringfireball.markdown; path = LICENSE.md; sourceTree = "<group>"; };
		49C4C3F9257BECCA00146AE7 /* EchoAR.swift */ = {isa = PBXFileReference; fileEncoding = 4; lastKnownFileType = sourcecode.swift; path = EchoAR.swift; sourceTree = "<group>"; };
		49C4C3FA257BECCA00146AE7 /* Entry.swift */ = {isa = PBXFileReference; fileEncoding = 4; lastKnownFileType = sourcecode.swift; path = Entry.swift; sourceTree = "<group>"; };
		49C4C3FB257BECCA00146AE7 /* RemoteTransformation.swift */ = {isa = PBXFileReference; fileEncoding = 4; lastKnownFileType = sourcecode.swift; path = RemoteTransformation.swift; sourceTree = "<group>"; };
		49C4C3FC257BECCA00146AE7 /* RemoteTransformation.swift */ = {isa = PBXFileReference; fileEncoding = 4; lastKnownFileType = sourcecode.swift; name = RemoteTransformation.swift; path = ../../../../Downloads/echoARSwiftSDK/RemoteTransformation.swift; sourceTree = "<group>"; };
		49C4C3FD257BECCA00146AE7 /* ViewController.swift */ = {isa = PBXFileReference; fileEncoding = 4; lastKnownFileType = sourcecode.swift; name = ViewController.swift; path = ../../../../Downloads/echoARSwiftSDK/ViewController.swift; sourceTree = "<group>"; };
		49C4C3FE257BECCA00146AE7 /* EchoAR.swift */ = {isa = PBXFileReference; fileEncoding = 4; lastKnownFileType = sourcecode.swift; name = EchoAR.swift; path = ../../../../Downloads/echoARSwiftSDK/EchoAR.swift; sourceTree = "<group>"; };
		49C4C3FF257BECCA00146AE7 /* Entry.swift */ = {isa = PBXFileReference; fileEncoding = 4; lastKnownFileType = sourcecode.swift; name = Entry.swift; path = ../../../../Downloads/echoARSwiftSDK/Entry.swift; sourceTree = "<group>"; };
		49C4C400257BECCA00146AE7 /* LICENSE.md */ = {isa = PBXFileReference; fileEncoding = 4; lastKnownFileType = net.daringfireball.markdown; name = LICENSE.md; path = ../../../../Downloads/echoARSwiftSDK/LICENSE.md; sourceTree = "<group>"; };
/* End PBXFileReference section */

/* Begin PBXFrameworksBuildPhase section */
		49C4C3BD257BEA1200146AE7 /* Frameworks */ = {
			isa = PBXFrameworksBuildPhase;
			buildActionMask = 2147483647;
			files = (
			);
			runOnlyForDeploymentPostprocessing = 0;
		};
		49C4C3D3257BEA1500146AE7 /* Frameworks */ = {
			isa = PBXFrameworksBuildPhase;
			buildActionMask = 2147483647;
			files = (
			);
			runOnlyForDeploymentPostprocessing = 0;
		};
		49C4C3DE257BEA1500146AE7 /* Frameworks */ = {
			isa = PBXFrameworksBuildPhase;
			buildActionMask = 2147483647;
			files = (
			);
			runOnlyForDeploymentPostprocessing = 0;
		};
/* End PBXFrameworksBuildPhase section */

/* Begin PBXGroup section */
		49C4C3B7257BEA1200146AE7 = {
			isa = PBXGroup;
			children = (
				49C4C3C2257BEA1200146AE7 /* ARDeck2 */,
				49C4C3D9257BEA1500146AE7 /* ARDeck2Tests */,
				49C4C3E4257BEA1500146AE7 /* ARDeck2UITests */,
				49C4C3C1257BEA1200146AE7 /* Products */,
			);
			sourceTree = "<group>";
		};
		49C4C3C1257BEA1200146AE7 /* Products */ = {
			isa = PBXGroup;
			children = (
				49C4C3C0257BEA1200146AE7 /* ARDeck2.app */,
				49C4C3D6257BEA1500146AE7 /* ARDeck2Tests.xctest */,
				49C4C3E1257BEA1500146AE7 /* ARDeck2UITests.xctest */,
			);
			name = Products;
			sourceTree = "<group>";
		};
		49C4C3C2257BEA1200146AE7 /* ARDeck2 */ = {
			isa = PBXGroup;
			children = (
				49C4C3FE257BECCA00146AE7 /* EchoAR.swift */,
				49C4C3F6257BECCA00146AE7 /* echoARSwiftSDK */,
				49C4C3FF257BECCA00146AE7 /* Entry.swift */,
				49C4C400257BECCA00146AE7 /* LICENSE.md */,
				49C4C3FC257BECCA00146AE7 /* RemoteTransformation.swift */,
				49C4C3FD257BECCA00146AE7 /* ViewController.swift */,
				49C4C3C3257BEA1200146AE7 /* AppDelegate.swift */,
				49C4C3C5257BEA1200146AE7 /* art.scnassets */,
				49C4C3C7257BEA1200146AE7 /* ViewController.swift */,
				49C4C3C9257BEA1200146AE7 /* Main.storyboard */,
				49C4C3CC257BEA1400146AE7 /* Assets.xcassets */,
				49C4C3CE257BEA1400146AE7 /* LaunchScreen.storyboard */,
				49C4C3D1257BEA1400146AE7 /* Info.plist */,
			);
			path = ARDeck2;
			sourceTree = "<group>";
		};
		49C4C3D9257BEA1500146AE7 /* ARDeck2Tests */ = {
			isa = PBXGroup;
			children = (
				49C4C3DA257BEA1500146AE7 /* ARDeck2Tests.swift */,
				49C4C3DC257BEA1500146AE7 /* Info.plist */,
			);
			path = ARDeck2Tests;
			sourceTree = "<group>";
		};
		49C4C3E4257BEA1500146AE7 /* ARDeck2UITests */ = {
			isa = PBXGroup;
			children = (
				49C4C3E5257BEA1500146AE7 /* ARDeck2UITests.swift */,
				49C4C3E7257BEA1500146AE7 /* Info.plist */,
			);
			path = ARDeck2UITests;
			sourceTree = "<group>";
		};
		49C4C3F6257BECCA00146AE7 /* echoARSwiftSDK */ = {
			isa = PBXGroup;
			children = (
				49C4C3F7257BECCA00146AE7 /* ViewController.swift */,
				49C4C3F8257BECCA00146AE7 /* LICENSE.md */,
				49C4C3F9257BECCA00146AE7 /* EchoAR.swift */,
				49C4C3FA257BECCA00146AE7 /* Entry.swift */,
				49C4C3FB257BECCA00146AE7 /* RemoteTransformation.swift */,
			);
			name = echoARSwiftSDK;
			path = ../../../../Downloads/echoARSwiftSDK;
			sourceTree = "<group>";
		};
/* End PBXGroup section */

/* Begin PBXNativeTarget section */
		49C4C3BF257BEA1200146AE7 /* ARDeck2 */ = {
			isa = PBXNativeTarget;
			buildConfigurationList = 49C4C3EA257BEA1500146AE7 /* Build configuration list for PBXNativeTarget "ARDeck2" */;
			buildPhases = (
				49C4C3BC257BEA1200146AE7 /* Sources */,
				49C4C3BD257BEA1200146AE7 /* Frameworks */,
				49C4C3BE257BEA1200146AE7 /* Resources */,
			);
			buildRules = (
			);
			dependencies = (
			);
			name = ARDeck2;
			productName = ARDeck2;
			productReference = 49C4C3C0257BEA1200146AE7 /* ARDeck2.app */;
			productType = "com.apple.product-type.application";
		};
		49C4C3D5257BEA1500146AE7 /* ARDeck2Tests */ = {
			isa = PBXNativeTarget;
			buildConfigurationList = 49C4C3ED257BEA1500146AE7 /* Build configuration list for PBXNativeTarget "ARDeck2Tests" */;
			buildPhases = (
				49C4C3D2257BEA1500146AE7 /* Sources */,
				49C4C3D3257BEA1500146AE7 /* Frameworks */,
				49C4C3D4257BEA1500146AE7 /* Resources */,
			);
			buildRules = (
			);
			dependencies = (
				49C4C3D8257BEA1500146AE7 /* PBXTargetDependency */,
			);
			name = ARDeck2Tests;
			productName = ARDeck2Tests;
			productReference = 49C4C3D6257BEA1500146AE7 /* ARDeck2Tests.xctest */;
			productType = "com.apple.product-type.bundle.unit-test";
		};
		49C4C3E0257BEA1500146AE7 /* ARDeck2UITests */ = {
			isa = PBXNativeTarget;
			buildConfigurationList = 49C4C3F0257BEA1500146AE7 /* Build configuration list for PBXNativeTarget "ARDeck2UITests" */;
			buildPhases = (
				49C4C3DD257BEA1500146AE7 /* Sources */,
				49C4C3DE257BEA1500146AE7 /* Frameworks */,
				49C4C3DF257BEA1500146AE7 /* Resources */,
			);
			buildRules = (
			);
			dependencies = (
				49C4C3E3257BEA1500146AE7 /* PBXTargetDependency */,
			);
			name = ARDeck2UITests;
			productName = ARDeck2UITests;
			productReference = 49C4C3E1257BEA1500146AE7 /* ARDeck2UITests.xctest */;
			productType = "com.apple.product-type.bundle.ui-testing";
		};
/* End PBXNativeTarget section */

/* Begin PBXProject section */
		49C4C3B8257BEA1200146AE7 /* Project object */ = {
			isa = PBXProject;
			attributes = {
				LastSwiftUpdateCheck = 1220;
				LastUpgradeCheck = 1220;
				TargetAttributes = {
					49C4C3BF257BEA1200146AE7 = {
						CreatedOnToolsVersion = 12.2;
					};
					49C4C3D5257BEA1500146AE7 = {
						CreatedOnToolsVersion = 12.2;
						TestTargetID = 49C4C3BF257BEA1200146AE7;
					};
					49C4C3E0257BEA1500146AE7 = {
						CreatedOnToolsVersion = 12.2;
						TestTargetID = 49C4C3BF257BEA1200146AE7;
					};
				};
			};
			buildConfigurationList = 49C4C3BB257BEA1200146AE7 /* Build configuration list for PBXProject "ARDeck2" */;
			compatibilityVersion = "Xcode 9.3";
			developmentRegion = en;
			hasScannedForEncodings = 0;
			knownRegions = (
				en,
				Base,
			);
			mainGroup = 49C4C3B7257BEA1200146AE7;
			productRefGroup = 49C4C3C1257BEA1200146AE7 /* Products */;
			projectDirPath = "";
			projectRoot = "";
			targets = (
				49C4C3BF257BEA1200146AE7 /* ARDeck2 */,
				49C4C3D5257BEA1500146AE7 /* ARDeck2Tests */,
				49C4C3E0257BEA1500146AE7 /* ARDeck2UITests */,
			);
		};
/* End PBXProject section */

/* Begin PBXResourcesBuildPhase section */
		49C4C3BE257BEA1200146AE7 /* Resources */ = {
			isa = PBXResourcesBuildPhase;
			buildActionMask = 2147483647;
			files = (
				49C4C402257BECCA00146AE7 /* LICENSE.md in Resources */,
				49C4C3C6257BEA1200146AE7 /* art.scnassets in Resources */,
				49C4C3D0257BEA1400146AE7 /* LaunchScreen.storyboard in Resources */,
				49C4C3CD257BEA1400146AE7 /* Assets.xcassets in Resources */,
				49C4C40A257BECCA00146AE7 /* LICENSE.md in Resources */,
				49C4C3CB257BEA1200146AE7 /* Main.storyboard in Resources */,
			);
			runOnlyForDeploymentPostprocessing = 0;
		};
		49C4C3D4257BEA1500146AE7 /* Resources */ = {
			isa = PBXResourcesBuildPhase;
			buildActionMask = 2147483647;
			files = (
			);
			runOnlyForDeploymentPostprocessing = 0;
		};
		49C4C3DF257BEA1500146AE7 /* Resources */ = {
			isa = PBXResourcesBuildPhase;
			buildActionMask = 2147483647;
			files = (
			);
			runOnlyForDeploymentPostprocessing = 0;
		};
/* End PBXResourcesBuildPhase section */

/* Begin PBXSourcesBuildPhase section */
		49C4C3BC257BEA1200146AE7 /* Sources */ = {
			isa = PBXSourcesBuildPhase;
			buildActionMask = 2147483647;
			files = (
				49C4C409257BECCA00146AE7 /* Entry.swift in Sources */,
				49C4C405257BECCA00146AE7 /* RemoteTransformation.swift in Sources */,
				49C4C404257BECCA00146AE7 /* Entry.swift in Sources */,
				49C4C406257BECCA00146AE7 /* RemoteTransformation.swift in Sources */,
				49C4C401257BECCA00146AE7 /* ViewController.swift in Sources */,
				49C4C403257BECCA00146AE7 /* EchoAR.swift in Sources */,
				49C4C3C8257BEA1200146AE7 /* ViewController.swift in Sources */,
				49C4C407257BECCA00146AE7 /* ViewController.swift in Sources */,
				49C4C3C4257BEA1200146AE7 /* AppDelegate.swift in Sources */,
				49C4C408257BECCA00146AE7 /* EchoAR.swift in Sources */,
			);
			runOnlyForDeploymentPostprocessing = 0;
		};
		49C4C3D2257BEA1500146AE7 /* Sources */ = {
			isa = PBXSourcesBuildPhase;
			buildActionMask = 2147483647;
			files = (
				49C4C3DB257BEA1500146AE7 /* ARDeck2Tests.swift in Sources */,
			);
			runOnlyForDeploymentPostprocessing = 0;
		};
		49C4C3DD257BEA1500146AE7 /* Sources */ = {
			isa = PBXSourcesBuildPhase;
			buildActionMask = 2147483647;
			files = (
				49C4C3E6257BEA1500146AE7 /* ARDeck2UITests.swift in Sources */,
			);
			runOnlyForDeploymentPostprocessing = 0;
		};
/* End PBXSourcesBuildPhase section */

/* Begin PBXTargetDependency section */
		49C4C3D8257BEA1500146AE7 /* PBXTargetDependency */ = {
			isa = PBXTargetDependency;
			target = 49C4C3BF257BEA1200146AE7 /* ARDeck2 */;
			targetProxy = 49C4C3D7257BEA1500146AE7 /* PBXContainerItemProxy */;
		};
		49C4C3E3257BEA1500146AE7 /* PBXTargetDependency */ = {
			isa = PBXTargetDependency;
			target = 49C4C3BF257BEA1200146AE7 /* ARDeck2 */;
			targetProxy = 49C4C3E2257BEA1500146AE7 /* PBXContainerItemProxy */;
		};
/* End PBXTargetDependency section */

/* Begin PBXVariantGroup section */
		49C4C3C9257BEA1200146AE7 /* Main.storyboard */ = {
			isa = PBXVariantGroup;
			children = (
				49C4C3CA257BEA1200146AE7 /* Base */,
			);
			name = Main.storyboard;
			sourceTree = "<group>";
		};
		49C4C3CE257BEA1400146AE7 /* LaunchScreen.storyboard */ = {
			isa = PBXVariantGroup;
			children = (
				49C4C3CF257BEA1400146AE7 /* Base */,
			);
			name = LaunchScreen.storyboard;
			sourceTree = "<group>";
		};
/* End PBXVariantGroup section */

/* Begin XCBuildConfiguration section */
		49C4C3E8257BEA1500146AE7 /* Debug */ = {
			isa = XCBuildConfiguration;
			buildSettings = {
				ALWAYS_SEARCH_USER_PATHS = NO;
				CLANG_ANALYZER_NONNULL = YES;
				CLANG_ANALYZER_NUMBER_OBJECT_CONVERSION = YES_AGGRESSIVE;
				CLANG_CXX_LANGUAGE_STANDARD = "gnu++14";
				CLANG_CXX_LIBRARY = "libc++";
				CLANG_ENABLE_MODULES = YES;
				CLANG_ENABLE_OBJC_ARC = YES;
				CLANG_ENABLE_OBJC_WEAK = YES;
				CLANG_WARN_BLOCK_CAPTURE_AUTORELEASING = YES;
				CLANG_WARN_BOOL_CONVERSION = YES;
				CLANG_WARN_COMMA = YES;
				CLANG_WARN_CONSTANT_CONVERSION = YES;
				CLANG_WARN_DEPRECATED_OBJC_IMPLEMENTATIONS = YES;
				CLANG_WARN_DIRECT_OBJC_ISA_USAGE = YES_ERROR;
				CLANG_WARN_DOCUMENTATION_COMMENTS = YES;
				CLANG_WARN_EMPTY_BODY = YES;
				CLANG_WARN_ENUM_CONVERSION = YES;
				CLANG_WARN_INFINITE_RECURSION = YES;
				CLANG_WARN_INT_CONVERSION = YES;
				CLANG_WARN_NON_LITERAL_NULL_CONVERSION = YES;
				CLANG_WARN_OBJC_IMPLICIT_RETAIN_SELF = YES;
				CLANG_WARN_OBJC_LITERAL_CONVERSION = YES;
				CLANG_WARN_OBJC_ROOT_CLASS = YES_ERROR;
				CLANG_WARN_QUOTED_INCLUDE_IN_FRAMEWORK_HEADER = YES;
				CLANG_WARN_RANGE_LOOP_ANALYSIS = YES;
				CLANG_WARN_STRICT_PROTOTYPES = YES;
				CLANG_WARN_SUSPICIOUS_MOVE = YES;
				CLANG_WARN_UNGUARDED_AVAILABILITY = YES_AGGRESSIVE;
				CLANG_WARN_UNREACHABLE_CODE = YES;
				CLANG_WARN__DUPLICATE_METHOD_MATCH = YES;
				COPY_PHASE_STRIP = NO;
				DEBUG_INFORMATION_FORMAT = dwarf;
				ENABLE_STRICT_OBJC_MSGSEND = YES;
				ENABLE_TESTABILITY = YES;
				GCC_C_LANGUAGE_STANDARD = gnu11;
				GCC_DYNAMIC_NO_PIC = NO;
				GCC_NO_COMMON_BLOCKS = YES;
				GCC_OPTIMIZATION_LEVEL = 0;
				GCC_PREPROCESSOR_DEFINITIONS = (
					"DEBUG=1",
					"$(inherited)",
				);
				GCC_WARN_64_TO_32_BIT_CONVERSION = YES;
				GCC_WARN_ABOUT_RETURN_TYPE = YES_ERROR;
				GCC_WARN_UNDECLARED_SELECTOR = YES;
				GCC_WARN_UNINITIALIZED_AUTOS = YES_AGGRESSIVE;
				GCC_WARN_UNUSED_FUNCTION = YES;
				GCC_WARN_UNUSED_VARIABLE = YES;
				IPHONEOS_DEPLOYMENT_TARGET = 14.2;
				MTL_ENABLE_DEBUG_INFO = INCLUDE_SOURCE;
				MTL_FAST_MATH = YES;
				ONLY_ACTIVE_ARCH = YES;
				SDKROOT = iphoneos;
				SWIFT_ACTIVE_COMPILATION_CONDITIONS = DEBUG;
				SWIFT_OPTIMIZATION_LEVEL = "-Onone";
			};
			name = Debug;
		};
		49C4C3E9257BEA1500146AE7 /* Release */ = {
			isa = XCBuildConfiguration;
			buildSettings = {
				ALWAYS_SEARCH_USER_PATHS = NO;
				CLANG_ANALYZER_NONNULL = YES;
				CLANG_ANALYZER_NUMBER_OBJECT_CONVERSION = YES_AGGRESSIVE;
				CLANG_CXX_LANGUAGE_STANDARD = "gnu++14";
				CLANG_CXX_LIBRARY = "libc++";
				CLANG_ENABLE_MODULES = YES;
				CLANG_ENABLE_OBJC_ARC = YES;
				CLANG_ENABLE_OBJC_WEAK = YES;
				CLANG_WARN_BLOCK_CAPTURE_AUTORELEASING = YES;
				CLANG_WARN_BOOL_CONVERSION = YES;
				CLANG_WARN_COMMA = YES;
				CLANG_WARN_CONSTANT_CONVERSION = YES;
				CLANG_WARN_DEPRECATED_OBJC_IMPLEMENTATIONS = YES;
				CLANG_WARN_DIRECT_OBJC_ISA_USAGE = YES_ERROR;
				CLANG_WARN_DOCUMENTATION_COMMENTS = YES;
				CLANG_WARN_EMPTY_BODY = YES;
				CLANG_WARN_ENUM_CONVERSION = YES;
				CLANG_WARN_INFINITE_RECURSION = YES;
				CLANG_WARN_INT_CONVERSION = YES;
				CLANG_WARN_NON_LITERAL_NULL_CONVERSION = YES;
				CLANG_WARN_OBJC_IMPLICIT_RETAIN_SELF = YES;
				CLANG_WARN_OBJC_LITERAL_CONVERSION = YES;
				CLANG_WARN_OBJC_ROOT_CLASS = YES_ERROR;
				CLANG_WARN_QUOTED_INCLUDE_IN_FRAMEWORK_HEADER = YES;
				CLANG_WARN_RANGE_LOOP_ANALYSIS = YES;
				CLANG_WARN_STRICT_PROTOTYPES = YES;
				CLANG_WARN_SUSPICIOUS_MOVE = YES;
				CLANG_WARN_UNGUARDED_AVAILABILITY = YES_AGGRESSIVE;
				CLANG_WARN_UNREACHABLE_CODE = YES;
				CLANG_WARN__DUPLICATE_METHOD_MATCH = YES;
				COPY_PHASE_STRIP = NO;
				DEBUG_INFORMATION_FORMAT = "dwarf-with-dsym";
				ENABLE_NS_ASSERTIONS = NO;
				ENABLE_STRICT_OBJC_MSGSEND = YES;
				GCC_C_LANGUAGE_STANDARD = gnu11;
				GCC_NO_COMMON_BLOCKS = YES;
				GCC_WARN_64_TO_32_BIT_CONVERSION = YES;
				GCC_WARN_ABOUT_RETURN_TYPE = YES_ERROR;
				GCC_WARN_UNDECLARED_SELECTOR = YES;
				GCC_WARN_UNINITIALIZED_AUTOS = YES_AGGRESSIVE;
				GCC_WARN_UNUSED_FUNCTION = YES;
				GCC_WARN_UNUSED_VARIABLE = YES;
				IPHONEOS_DEPLOYMENT_TARGET = 14.2;
				MTL_ENABLE_DEBUG_INFO = NO;
				MTL_FAST_MATH = YES;
				SDKROOT = iphoneos;
				SWIFT_COMPILATION_MODE = wholemodule;
				SWIFT_OPTIMIZATION_LEVEL = "-O";
				VALIDATE_PRODUCT = YES;
			};
			name = Release;
		};
		49C4C3EB257BEA1500146AE7 /* Debug */ = {
			isa = XCBuildConfiguration;
			buildSettings = {
				ASSETCATALOG_COMPILER_APPICON_NAME = AppIcon;
				ASSETCATALOG_COMPILER_GLOBAL_ACCENT_COLOR_NAME = AccentColor;
				CODE_SIGN_STYLE = Automatic;
				DEVELOPMENT_TEAM = KAJ89FAQR9;
				INFOPLIST_FILE = ARDeck2/Info.plist;
				LD_RUNPATH_SEARCH_PATHS = (
					"$(inherited)",
					"@executable_path/Frameworks",
				);
				PRODUCT_BUNDLE_IDENTIFIER = oversleep.ARDeck2;
				PRODUCT_NAME = "$(TARGET_NAME)";
				SWIFT_VERSION = 5.0;
				TARGETED_DEVICE_FAMILY = "1,2";
			};
			name = Debug;
		};
		49C4C3EC257BEA1500146AE7 /* Release */ = {
			isa = XCBuildConfiguration;
			buildSettings = {
				ASSETCATALOG_COMPILER_APPICON_NAME = AppIcon;
				ASSETCATALOG_COMPILER_GLOBAL_ACCENT_COLOR_NAME = AccentColor;
				CODE_SIGN_STYLE = Automatic;
				DEVELOPMENT_TEAM = KAJ89FAQR9;
				INFOPLIST_FILE = ARDeck2/Info.plist;
				LD_RUNPATH_SEARCH_PATHS = (
					"$(inherited)",
					"@executable_path/Frameworks",
				);
				PRODUCT_BUNDLE_IDENTIFIER = oversleep.ARDeck2;
				PRODUCT_NAME = "$(TARGET_NAME)";
				SWIFT_VERSION = 5.0;
				TARGETED_DEVICE_FAMILY = "1,2";
			};
			name = Release;
		};
		49C4C3EE257BEA1500146AE7 /* Debug */ = {
			isa = XCBuildConfiguration;
			buildSettings = {
				ALWAYS_EMBED_SWIFT_STANDARD_LIBRARIES = YES;
				BUNDLE_LOADER = "$(TEST_HOST)";
				CODE_SIGN_STYLE = Automatic;
				DEVELOPMENT_TEAM = KAJ89FAQR9;
				INFOPLIST_FILE = ARDeck2Tests/Info.plist;
				IPHONEOS_DEPLOYMENT_TARGET = 14.2;
				LD_RUNPATH_SEARCH_PATHS = (
					"$(inherited)",
					"@executable_path/Frameworks",
					"@loader_path/Frameworks",
				);
				PRODUCT_BUNDLE_IDENTIFIER = oversleep.ARDeck2Tests;
				PRODUCT_NAME = "$(TARGET_NAME)";
				SWIFT_VERSION = 5.0;
				TARGETED_DEVICE_FAMILY = "1,2";
				TEST_HOST = "$(BUILT_PRODUCTS_DIR)/ARDeck2.app/ARDeck2";
			};
			name = Debug;
		};
		49C4C3EF257BEA1500146AE7 /* Release */ = {
			isa = XCBuildConfiguration;
			buildSettings = {
				ALWAYS_EMBED_SWIFT_STANDARD_LIBRARIES = YES;
				BUNDLE_LOADER = "$(TEST_HOST)";
				CODE_SIGN_STYLE = Automatic;
				DEVELOPMENT_TEAM = KAJ89FAQR9;
				INFOPLIST_FILE = ARDeck2Tests/Info.plist;
				IPHONEOS_DEPLOYMENT_TARGET = 14.2;
				LD_RUNPATH_SEARCH_PATHS = (
					"$(inherited)",
					"@executable_path/Frameworks",
					"@loader_path/Frameworks",
				);
				PRODUCT_BUNDLE_IDENTIFIER = oversleep.ARDeck2Tests;
				PRODUCT_NAME = "$(TARGET_NAME)";
				SWIFT_VERSION = 5.0;
				TARGETED_DEVICE_FAMILY = "1,2";
				TEST_HOST = "$(BUILT_PRODUCTS_DIR)/ARDeck2.app/ARDeck2";
			};
			name = Release;
		};
		49C4C3F1257BEA1500146AE7 /* Debug */ = {
			isa = XCBuildConfiguration;
			buildSettings = {
				ALWAYS_EMBED_SWIFT_STANDARD_LIBRARIES = YES;
				CODE_SIGN_STYLE = Automatic;
				DEVELOPMENT_TEAM = KAJ89FAQR9;
				INFOPLIST_FILE = ARDeck2UITests/Info.plist;
				LD_RUNPATH_SEARCH_PATHS = (
					"$(inherited)",
					"@executable_path/Frameworks",
					"@loader_path/Frameworks",
				);
				PRODUCT_BUNDLE_IDENTIFIER = oversleep.ARDeck2UITests;
				PRODUCT_NAME = "$(TARGET_NAME)";
				SWIFT_VERSION = 5.0;
				TARGETED_DEVICE_FAMILY = "1,2";
				TEST_TARGET_NAME = ARDeck2;
			};
			name = Debug;
		};
		49C4C3F2257BEA1500146AE7 /* Release */ = {
			isa = XCBuildConfiguration;
			buildSettings = {
				ALWAYS_EMBED_SWIFT_STANDARD_LIBRARIES = YES;
				CODE_SIGN_STYLE = Automatic;
				DEVELOPMENT_TEAM = KAJ89FAQR9;
				INFOPLIST_FILE = ARDeck2UITests/Info.plist;
				LD_RUNPATH_SEARCH_PATHS = (
					"$(inherited)",
					"@executable_path/Frameworks",
					"@loader_path/Frameworks",
				);
				PRODUCT_BUNDLE_IDENTIFIER = oversleep.ARDeck2UITests;
				PRODUCT_NAME = "$(TARGET_NAME)";
				SWIFT_VERSION = 5.0;
				TARGETED_DEVICE_FAMILY = "1,2";
				TEST_TARGET_NAME = ARDeck2;
			};
			name = Release;
		};
/* End XCBuildConfiguration section */

/* Begin XCConfigurationList section */
		49C4C3BB257BEA1200146AE7 /* Build configuration list for PBXProject "ARDeck2" */ = {
			isa = XCConfigurationList;
			buildConfigurations = (
				49C4C3E8257BEA1500146AE7 /* Debug */,
				49C4C3E9257BEA1500146AE7 /* Release */,
			);
			defaultConfigurationIsVisible = 0;
			defaultConfigurationName = Release;
		};
		49C4C3EA257BEA1500146AE7 /* Build configuration list for PBXNativeTarget "ARDeck2" */ = {
			isa = XCConfigurationList;
			buildConfigurations = (
				49C4C3EB257BEA1500146AE7 /* Debug */,
				49C4C3EC257BEA1500146AE7 /* Release */,
			);
			defaultConfigurationIsVisible = 0;
			defaultConfigurationName = Release;
		};
		49C4C3ED257BEA1500146AE7 /* Build configuration list for PBXNativeTarget "ARDeck2Tests" */ = {
			isa = XCConfigurationList;
			buildConfigurations = (
				49C4C3EE257BEA1500146AE7 /* Debug */,
				49C4C3EF257BEA1500146AE7 /* Release */,
			);
			defaultConfigurationIsVisible = 0;
			defaultConfigurationName = Release;
		};
		49C4C3F0257BEA1500146AE7 /* Build configuration list for PBXNativeTarget "ARDeck2UITests" */ = {
			isa = XCConfigurationList;
			buildConfigurations = (
				49C4C3F1257BEA1500146AE7 /* Debug */,
				49C4C3F2257BEA1500146AE7 /* Release */,
			);
			defaultConfigurationIsVisible = 0;
			defaultConfigurationName = Release;
		};
/* End XCConfigurationList section */
	};
	rootObject = 49C4C3B8257BEA1200146AE7 /* Project object */;
}
